
Microsoft Visual Studio Solution File, Format Version 12.00
# Visual Studio Version 16
VisualStudioVersion = 16.0.32929.386
MinimumVisualStudioVersion = 10.0.40219.1
Project("{FAE04EC0-301F-11D3-BF4B-00C04F79EFBC}") = "Snake", "Snake\Snake.csproj", "{24C2AC51-64DE-43DA-9395-6EF34A731D49}"
EndProject
Global
	GlobalSection(SolutionConfigurationPlatforms) = preSolution
		Debug|Any CPU = Debug|Any CPU
		Release|Any CPU = Release|Any CPU
	EndGlobalSection
	GlobalSection(ProjectConfigurationPlatforms) = postSolution
		{24C2AC51-64DE-43DA-9395-6EF34A731D49}.Debug|Any CPU.ActiveCfg = Debug|Any CPU
		{24C2AC51-64DE-43DA-9395-6EF34A731D49}.Debug|Any CPU.Build.0 = Debug|Any CPU
		{24C2AC51-64DE-43DA-9395-6EF34A731D49}.Release|Any CPU.ActiveCfg = Release|Any CPU
		{24C2AC51-64DE-43DA-9395-6EF34A731D49}.Release|Any CPU.Build.0 = Release|Any CPU
	EndGlobalSection
	GlobalSection(SolutionProperties) = preSolution
		HideSolutionNode = FALSE
	EndGlobalSection
	GlobalSection(ExtensibilityGlobals) = postSolution
		SolutionGuid = {83420622-E5EE-4FA1-A3FE-B676E21DAC8B}
	EndGlobalSection
EndGlobal
